// !$*UTF8*$!
{
	archiveVersion = 1;
	classes = {
	};
	objectVersion = 46;
	objects = {

/* Begin PBXBuildFile section */
		757321901A0CE5EC00475D92 /* PECropRectView.m in Sources */ = {isa = PBXBuildFile; fileRef = 757321861A0CE5EC00475D92 /* PECropRectView.m */; };
		757321911A0CE5EC00475D92 /* PECropView.m in Sources */ = {isa = PBXBuildFile; fileRef = 757321881A0CE5EC00475D92 /* PECropView.m */; };
		757321921A0CE5EC00475D92 /* PECropViewController.m in Sources */ = {isa = PBXBuildFile; fileRef = 7573218A1A0CE5EC00475D92 /* PECropViewController.m */; };
		757321931A0CE5EC00475D92 /* PEPhotoCropEditor.bundle in Resources */ = {isa = PBXBuildFile; fileRef = 7573218B1A0CE5EC00475D92 /* PEPhotoCropEditor.bundle */; };
		757321941A0CE5EC00475D92 /* PEResizeControl.m in Sources */ = {isa = PBXBuildFile; fileRef = 7573218D1A0CE5EC00475D92 /* PEResizeControl.m */; };
		757321951A0CE5EC00475D92 /* UIImage+PECrop.m in Sources */ = {isa = PBXBuildFile; fileRef = 7573218F1A0CE5EC00475D92 /* UIImage+PECrop.m */; };
		7584FE361A0B6CC700FC2D64 /* Images.xcassets in Resources */ = {isa = PBXBuildFile; fileRef = 7584FE351A0B6CC700FC2D64 /* Images.xcassets */; };
		7584FE391A0B6CC700FC2D64 /* LaunchScreen.xib in Resources */ = {isa = PBXBuildFile; fileRef = 7584FE371A0B6CC700FC2D64 /* LaunchScreen.xib */; };
		7584FE451A0B6CC700FC2D64 /* IDCardMirrorTests.swift in Sources */ = {isa = PBXBuildFile; fileRef = 7584FE441A0B6CC700FC2D64 /* IDCardMirrorTests.swift */; };
		7584FE511A0B6EC500FC2D64 /* AppDelegate.swift in Sources */ = {isa = PBXBuildFile; fileRef = 7584FE501A0B6EC500FC2D64 /* AppDelegate.swift */; };
		7584FE541A0B6F4F00FC2D64 /* BaseViewController.swift in Sources */ = {isa = PBXBuildFile; fileRef = 7584FE531A0B6F4F00FC2D64 /* BaseViewController.swift */; };
		7584FE571A0B6FC000FC2D64 /* MainViewController.swift in Sources */ = {isa = PBXBuildFile; fileRef = 7584FE551A0B6FC000FC2D64 /* MainViewController.swift */; };
		7584FE581A0B6FC000FC2D64 /* MainViewController.xib in Resources */ = {isa = PBXBuildFile; fileRef = 7584FE561A0B6FC000FC2D64 /* MainViewController.xib */; };
		7584FE701A0B6FDF00FC2D64 /* libHJUtility.a in Frameworks */ = {isa = PBXBuildFile; fileRef = 7584FE6F1A0B6FDF00FC2D64 /* libHJUtility.a */; };
/* End PBXBuildFile section */

/* Begin PBXContainerItemProxy section */
		7584FE3F1A0B6CC700FC2D64 /* PBXContainerItemProxy */ = {
			isa = PBXContainerItemProxy;
			containerPortal = 7584FE211A0B6CC600FC2D64 /* Project object */;
			proxyType = 1;
			remoteGlobalIDString = 7584FE281A0B6CC600FC2D64;
			remoteInfo = IDCardMirror;
		};
/* End PBXContainerItemProxy section */

/* Begin PBXFileReference section */
		757321851A0CE5EC00475D92 /* PECropRectView.h */ = {isa = PBXFileReference; fileEncoding = 4; lastKnownFileType = sourcecode.c.h; path = PECropRectView.h; sourceTree = "<group>"; };
		757321861A0CE5EC00475D92 /* PECropRectView.m */ = {isa = PBXFileReference; fileEncoding = 4; lastKnownFileType = sourcecode.c.objc; path = PECropRectView.m; sourceTree = "<group>"; };
		757321871A0CE5EC00475D92 /* PECropView.h */ = {isa = PBXFileReference; fileEncoding = 4; lastKnownFileType = sourcecode.c.h; path = PECropView.h; sourceTree = "<group>"; };
		757321881A0CE5EC00475D92 /* PECropView.m */ = {isa = PBXFileReference; fileEncoding = 4; lastKnownFileType = sourcecode.c.objc; path = PECropView.m; sourceTree = "<group>"; };
		757321891A0CE5EC00475D92 /* PECropViewController.h */ = {isa = PBXFileReference; fileEncoding = 4; lastKnownFileType = sourcecode.c.h; path = PECropViewController.h; sourceTree = "<group>"; };
		7573218A1A0CE5EC00475D92 /* PECropViewController.m */ = {isa = PBXFileReference; fileEncoding = 4; lastKnownFileType = sourcecode.c.objc; path = PECropViewController.m; sourceTree = "<group>"; };
		7573218B1A0CE5EC00475D92 /* PEPhotoCropEditor.bundle */ = {isa = PBXFileReference; lastKnownFileType = "wrapper.plug-in"; path = PEPhotoCropEditor.bundle; sourceTree = "<group>"; };
		7573218C1A0CE5EC00475D92 /* PEResizeControl.h */ = {isa = PBXFileReference; fileEncoding = 4; lastKnownFileType = sourcecode.c.h; path = PEResizeControl.h; sourceTree = "<group>"; };
		7573218D1A0CE5EC00475D92 /* PEResizeControl.m */ = {isa = PBXFileReference; fileEncoding = 4; lastKnownFileType = sourcecode.c.objc; path = PEResizeControl.m; sourceTree = "<group>"; };
		7573218E1A0CE5EC00475D92 /* UIImage+PECrop.h */ = {isa = PBXFileReference; fileEncoding = 4; lastKnownFileType = sourcecode.c.h; path = "UIImage+PECrop.h"; sourceTree = "<group>"; };
		7573218F1A0CE5EC00475D92 /* UIImage+PECrop.m */ = {isa = PBXFileReference; fileEncoding = 4; lastKnownFileType = sourcecode.c.objc; path = "UIImage+PECrop.m"; sourceTree = "<group>"; };
		757321961A0CE77B00475D92 /* IDCardMirror-Bridging-Header.h */ = {isa = PBXFileReference; fileEncoding = 4; lastKnownFileType = sourcecode.c.h; path = "IDCardMirror-Bridging-Header.h"; sourceTree = "<group>"; };
		7584FE291A0B6CC600FC2D64 /* IDCardMirror.app */ = {isa = PBXFileReference; explicitFileType = wrapper.application; includeInIndex = 0; path = IDCardMirror.app; sourceTree = BUILT_PRODUCTS_DIR; };
		7584FE2D1A0B6CC700FC2D64 /* Info.plist */ = {isa = PBXFileReference; lastKnownFileType = text.plist.xml; path = Info.plist; sourceTree = "<group>"; };
		7584FE351A0B6CC700FC2D64 /* Images.xcassets */ = {isa = PBXFileReference; lastKnownFileType = folder.assetcatalog; path = Images.xcassets; sourceTree = "<group>"; };
		7584FE381A0B6CC700FC2D64 /* Base */ = {isa = PBXFileReference; lastKnownFileType = file.xib; name = Base; path = Base.lproj/LaunchScreen.xib; sourceTree = "<group>"; };
		7584FE3E1A0B6CC700FC2D64 /* IDCardMirrorTests.xctest */ = {isa = PBXFileReference; explicitFileType = wrapper.cfbundle; includeInIndex = 0; path = IDCardMirrorTests.xctest; sourceTree = BUILT_PRODUCTS_DIR; };
		7584FE431A0B6CC700FC2D64 /* Info.plist */ = {isa = PBXFileReference; lastKnownFileType = text.plist.xml; path = Info.plist; sourceTree = "<group>"; };
		7584FE441A0B6CC700FC2D64 /* IDCardMirrorTests.swift */ = {isa = PBXFileReference; lastKnownFileType = sourcecode.swift; path = IDCardMirrorTests.swift; sourceTree = "<group>"; };
		7584FE501A0B6EC500FC2D64 /* AppDelegate.swift */ = {isa = PBXFileReference; fileEncoding = 4; lastKnownFileType = sourcecode.swift; path = AppDelegate.swift; sourceTree = "<group>"; };
		7584FE531A0B6F4F00FC2D64 /* BaseViewController.swift */ = {isa = PBXFileReference; fileEncoding = 4; lastKnownFileType = sourcecode.swift; path = BaseViewController.swift; sourceTree = "<group>"; };
		7584FE551A0B6FC000FC2D64 /* MainViewController.swift */ = {isa = PBXFileReference; fileEncoding = 4; lastKnownFileType = sourcecode.swift; path = MainViewController.swift; sourceTree = "<group>"; };
		7584FE561A0B6FC000FC2D64 /* MainViewController.xib */ = {isa = PBXFileReference; fileEncoding = 4; lastKnownFileType = file.xib; path = MainViewController.xib; sourceTree = "<group>"; };
		7584FE5A1A0B6FDF00FC2D64 /* HJUtility.h */ = {isa = PBXFileReference; fileEncoding = 4; lastKnownFileType = sourcecode.c.h; path = HJUtility.h; sourceTree = "<group>"; };
		7584FE5C1A0B6FDF00FC2D64 /* HJBDLItem.h */ = {isa = PBXFileReference; fileEncoding = 4; lastKnownFileType = sourcecode.c.h; path = HJBDLItem.h; sourceTree = "<group>"; };
		7584FE5D1A0B6FDF00FC2D64 /* HJConnection.h */ = {isa = PBXFileReference; fileEncoding = 4; lastKnownFileType = sourcecode.c.h; path = HJConnection.h; sourceTree = "<group>"; };
		7584FE5E1A0B6FDF00FC2D64 /* HJConnectionBody.h */ = {isa = PBXFileReference; fileEncoding = 4; lastKnownFileType = sourcecode.c.h; path = HJConnectionBody.h; sourceTree = "<group>"; };
		7584FE5F1A0B6FDF00FC2D64 /* HJConnectionBodyCore.h */ = {isa = PBXFileReference; fileEncoding = 4; lastKnownFileType = sourcecode.c.h; path = HJConnectionBodyCore.h; sourceTree = "<group>"; };
		7584FE601A0B6FDF00FC2D64 /* HJConnectionPool.h */ = {isa = PBXFileReference; fileEncoding = 4; lastKnownFileType = sourcecode.c.h; path = HJConnectionPool.h; sourceTree = "<group>"; };
		7584FE611A0B6FDF00FC2D64 /* HJCustomAlertBaseView.h */ = {isa = PBXFileReference; fileEncoding = 4; lastKnownFileType = sourcecode.c.h; path = HJCustomAlertBaseView.h; sourceTree = "<group>"; };
		7584FE621A0B6FDF00FC2D64 /* HJImageConnection.h */ = {isa = PBXFileReference; fileEncoding = 4; lastKnownFileType = sourcecode.c.h; path = HJImageConnection.h; sourceTree = "<group>"; };
		7584FE631A0B6FDF00FC2D64 /* HJImageLoader.h */ = {isa = PBXFileReference; fileEncoding = 4; lastKnownFileType = sourcecode.c.h; path = HJImageLoader.h; sourceTree = "<group>"; };
		7584FE641A0B6FDF00FC2D64 /* HJImageLoaderBody.h */ = {isa = PBXFileReference; fileEncoding = 4; lastKnownFileType = sourcecode.c.h; path = HJImageLoaderBody.h; sourceTree = "<group>"; };
		7584FE651A0B6FDF00FC2D64 /* HJLoopThread.h */ = {isa = PBXFileReference; fileEncoding = 4; lastKnownFileType = sourcecode.c.h; path = HJLoopThread.h; sourceTree = "<group>"; };
		7584FE661A0B6FDF00FC2D64 /* HJLoopThreadBody.h */ = {isa = PBXFileReference; fileEncoding = 4; lastKnownFileType = sourcecode.c.h; path = HJLoopThreadBody.h; sourceTree = "<group>"; };
		7584FE671A0B6FDF00FC2D64 /* HJLRUImageCache.h */ = {isa = PBXFileReference; fileEncoding = 4; lastKnownFileType = sourcecode.c.h; path = HJLRUImageCache.h; sourceTree = "<group>"; };
		7584FE681A0B6FDF00FC2D64 /* HJPopupPresentMode.h */ = {isa = PBXFileReference; fileEncoding = 4; lastKnownFileType = sourcecode.c.h; path = HJPopupPresentMode.h; sourceTree = "<group>"; };
		7584FE691A0B6FDF00FC2D64 /* HJRemoteConfig.h */ = {isa = PBXFileReference; fileEncoding = 4; lastKnownFileType = sourcecode.c.h; path = HJRemoteConfig.h; sourceTree = "<group>"; };
		7584FE6A1A0B6FDF00FC2D64 /* HJRemoteConfigConnection.h */ = {isa = PBXFileReference; fileEncoding = 4; lastKnownFileType = sourcecode.c.h; path = HJRemoteConfigConnection.h; sourceTree = "<group>"; };
		7584FE6B1A0B6FDF00FC2D64 /* HJTimer.h */ = {isa = PBXFileReference; fileEncoding = 4; lastKnownFileType = sourcecode.c.h; path = HJTimer.h; sourceTree = "<group>"; };
		7584FE6C1A0B6FDF00FC2D64 /* HJTimerBridge.h */ = {isa = PBXFileReference; fileEncoding = 4; lastKnownFileType = sourcecode.c.h; path = HJTimerBridge.h; sourceTree = "<group>"; };
		7584FE6D1A0B6FDF00FC2D64 /* HJToastView.h */ = {isa = PBXFileReference; fileEncoding = 4; lastKnownFileType = sourcecode.c.h; path = HJToastView.h; sourceTree = "<group>"; };
		7584FE6E1A0B6FDF00FC2D64 /* HJVersionControl.h */ = {isa = PBXFileReference; fileEncoding = 4; lastKnownFileType = sourcecode.c.h; path = HJVersionControl.h; sourceTree = "<group>"; };
		7584FE6F1A0B6FDF00FC2D64 /* libHJUtility.a */ = {isa = PBXFileReference; lastKnownFileType = archive.ar; path = libHJUtility.a; sourceTree = "<group>"; };
/* End PBXFileReference section */

/* Begin PBXFrameworksBuildPhase section */
		7584FE261A0B6CC600FC2D64 /* Frameworks */ = {
			isa = PBXFrameworksBuildPhase;
			buildActionMask = 2147483647;
			files = (
				7584FE701A0B6FDF00FC2D64 /* libHJUtility.a in Frameworks */,
			);
			runOnlyForDeploymentPostprocessing = 0;
		};
		7584FE3B1A0B6CC700FC2D64 /* Frameworks */ = {
			isa = PBXFrameworksBuildPhase;
			buildActionMask = 2147483647;
			files = (
			);
			runOnlyForDeploymentPostprocessing = 0;
		};
/* End PBXFrameworksBuildPhase section */

/* Begin PBXGroup section */
		757321841A0CE5EC00475D92 /* PEPhotoCropEditor */ = {
			isa = PBXGroup;
			children = (
				757321851A0CE5EC00475D92 /* PECropRectView.h */,
				757321861A0CE5EC00475D92 /* PECropRectView.m */,
				757321871A0CE5EC00475D92 /* PECropView.h */,
				757321881A0CE5EC00475D92 /* PECropView.m */,
				757321891A0CE5EC00475D92 /* PECropViewController.h */,
				7573218A1A0CE5EC00475D92 /* PECropViewController.m */,
				7573218B1A0CE5EC00475D92 /* PEPhotoCropEditor.bundle */,
				7573218C1A0CE5EC00475D92 /* PEResizeControl.h */,
				7573218D1A0CE5EC00475D92 /* PEResizeControl.m */,
				7573218E1A0CE5EC00475D92 /* UIImage+PECrop.h */,
				7573218F1A0CE5EC00475D92 /* UIImage+PECrop.m */,
			);
			path = PEPhotoCropEditor;
			sourceTree = "<group>";
		};
		7584FE201A0B6CC600FC2D64 = {
			isa = PBXGroup;
			children = (
				7584FE2B1A0B6CC600FC2D64 /* IDCardMirror */,
				7584FE411A0B6CC700FC2D64 /* IDCardMirrorTests */,
				7584FE2A1A0B6CC600FC2D64 /* Products */,
			);
			sourceTree = "<group>";
		};
		7584FE2A1A0B6CC600FC2D64 /* Products */ = {
			isa = PBXGroup;
			children = (
				7584FE291A0B6CC600FC2D64 /* IDCardMirror.app */,
				7584FE3E1A0B6CC700FC2D64 /* IDCardMirrorTests.xctest */,
			);
			name = Products;
			sourceTree = "<group>";
		};
		7584FE2B1A0B6CC600FC2D64 /* IDCardMirror */ = {
			isa = PBXGroup;
			children = (
				7584FE4E1A0B6EA800FC2D64 /* OCLibs */,
				7584FE4F1A0B6EC500FC2D64 /* AppDelegate */,
				7584FE521A0B6F2E00FC2D64 /* ViewControllers */,
				7584FE351A0B6CC700FC2D64 /* Images.xcassets */,
				7584FE371A0B6CC700FC2D64 /* LaunchScreen.xib */,
				7584FE2C1A0B6CC700FC2D64 /* Supporting Files */,
				757321961A0CE77B00475D92 /* IDCardMirror-Bridging-Header.h */,
			);
			path = IDCardMirror;
			sourceTree = "<group>";
		};
		7584FE2C1A0B6CC700FC2D64 /* Supporting Files */ = {
			isa = PBXGroup;
			children = (
				7584FE2D1A0B6CC700FC2D64 /* Info.plist */,
			);
			name = "Supporting Files";
			sourceTree = "<group>";
		};
		7584FE411A0B6CC700FC2D64 /* IDCardMirrorTests */ = {
			isa = PBXGroup;
			children = (
				7584FE441A0B6CC700FC2D64 /* IDCardMirrorTests.swift */,
				7584FE421A0B6CC700FC2D64 /* Supporting Files */,
			);
			path = IDCardMirrorTests;
			sourceTree = "<group>";
		};
		7584FE421A0B6CC700FC2D64 /* Supporting Files */ = {
			isa = PBXGroup;
			children = (
				7584FE431A0B6CC700FC2D64 /* Info.plist */,
			);
			name = "Supporting Files";
			sourceTree = "<group>";
		};
		7584FE4E1A0B6EA800FC2D64 /* OCLibs */ = {
			isa = PBXGroup;
			children = (
				757321841A0CE5EC00475D92 /* PEPhotoCropEditor */,
				7584FE591A0B6FDF00FC2D64 /* HJUtility */,
			);
			path = OCLibs;
			sourceTree = "<group>";
		};
		7584FE4F1A0B6EC500FC2D64 /* AppDelegate */ = {
			isa = PBXGroup;
			children = (
				7584FE501A0B6EC500FC2D64 /* AppDelegate.swift */,
			);
			path = AppDelegate;
			sourceTree = "<group>";
		};
		7584FE521A0B6F2E00FC2D64 /* ViewControllers */ = {
			isa = PBXGroup;
			children = (
				7584FE531A0B6F4F00FC2D64 /* BaseViewController.swift */,
				7584FE551A0B6FC000FC2D64 /* MainViewController.swift */,
				7584FE561A0B6FC000FC2D64 /* MainViewController.xib */,
			);
			path = ViewControllers;
			sourceTree = "<group>";
		};
		7584FE591A0B6FDF00FC2D64 /* HJUtility */ = {
			isa = PBXGroup;
			children = (
				7584FE5A1A0B6FDF00FC2D64 /* HJUtility.h */,
				7584FE5B1A0B6FDF00FC2D64 /* include */,
				7584FE6F1A0B6FDF00FC2D64 /* libHJUtility.a */,
			);
			path = HJUtility;
			sourceTree = "<group>";
		};
		7584FE5B1A0B6FDF00FC2D64 /* include */ = {
			isa = PBXGroup;
			children = (
				7584FE5C1A0B6FDF00FC2D64 /* HJBDLItem.h */,
				7584FE5D1A0B6FDF00FC2D64 /* HJConnection.h */,
				7584FE5E1A0B6FDF00FC2D64 /* HJConnectionBody.h */,
				7584FE5F1A0B6FDF00FC2D64 /* HJConnectionBodyCore.h */,
				7584FE601A0B6FDF00FC2D64 /* HJConnectionPool.h */,
				7584FE611A0B6FDF00FC2D64 /* HJCustomAlertBaseView.h */,
				7584FE621A0B6FDF00FC2D64 /* HJImageConnection.h */,
				7584FE631A0B6FDF00FC2D64 /* HJImageLoader.h */,
				7584FE641A0B6FDF00FC2D64 /* HJImageLoaderBody.h */,
				7584FE651A0B6FDF00FC2D64 /* HJLoopThread.h */,
				7584FE661A0B6FDF00FC2D64 /* HJLoopThreadBody.h */,
				7584FE671A0B6FDF00FC2D64 /* HJLRUImageCache.h */,
				7584FE681A0B6FDF00FC2D64 /* HJPopupPresentMode.h */,
				7584FE691A0B6FDF00FC2D64 /* HJRemoteConfig.h */,
				7584FE6A1A0B6FDF00FC2D64 /* HJRemoteConfigConnection.h */,
				7584FE6B1A0B6FDF00FC2D64 /* HJTimer.h */,
				7584FE6C1A0B6FDF00FC2D64 /* HJTimerBridge.h */,
				7584FE6D1A0B6FDF00FC2D64 /* HJToastView.h */,
				7584FE6E1A0B6FDF00FC2D64 /* HJVersionControl.h */,
			);
			path = include;
			sourceTree = "<group>";
		};
/* End PBXGroup section */

/* Begin PBXNativeTarget section */
		7584FE281A0B6CC600FC2D64 /* IDCardMirror */ = {
			isa = PBXNativeTarget;
			buildConfigurationList = 7584FE481A0B6CC700FC2D64 /* Build configuration list for PBXNativeTarget "IDCardMirror" */;
			buildPhases = (
				7584FE251A0B6CC600FC2D64 /* Sources */,
				7584FE261A0B6CC600FC2D64 /* Frameworks */,
				7584FE271A0B6CC600FC2D64 /* Resources */,
			);
			buildRules = (
			);
			dependencies = (
			);
			name = IDCardMirror;
			productName = IDCardMirror;
			productReference = 7584FE291A0B6CC600FC2D64 /* IDCardMirror.app */;
			productType = "com.apple.product-type.application";
		};
		7584FE3D1A0B6CC700FC2D64 /* IDCardMirrorTests */ = {
			isa = PBXNativeTarget;
			buildConfigurationList = 7584FE4B1A0B6CC700FC2D64 /* Build configuration list for PBXNativeTarget "IDCardMirrorTests" */;
			buildPhases = (
				7584FE3A1A0B6CC700FC2D64 /* Sources */,
				7584FE3B1A0B6CC700FC2D64 /* Frameworks */,
				7584FE3C1A0B6CC700FC2D64 /* Resources */,
			);
			buildRules = (
			);
			dependencies = (
				7584FE401A0B6CC700FC2D64 /* PBXTargetDependency */,
			);
			name = IDCardMirrorTests;
			productName = IDCardMirrorTests;
			productReference = 7584FE3E1A0B6CC700FC2D64 /* IDCardMirrorTests.xctest */;
			productType = "com.apple.product-type.bundle.unit-test";
		};
/* End PBXNativeTarget section */

/* Begin PBXProject section */
		7584FE211A0B6CC600FC2D64 /* Project object */ = {
			isa = PBXProject;
			attributes = {
				LastUpgradeCheck = 0610;
				ORGANIZATIONNAME = HJ;
				TargetAttributes = {
					7584FE281A0B6CC600FC2D64 = {
						CreatedOnToolsVersion = 6.1;
						DevelopmentTeam = 8H4LZNVD3C;
					};
					7584FE3D1A0B6CC700FC2D64 = {
						CreatedOnToolsVersion = 6.1;
						TestTargetID = 7584FE281A0B6CC600FC2D64;
					};
				};
			};
			buildConfigurationList = 7584FE241A0B6CC600FC2D64 /* Build configuration list for PBXProject "IDCardMirror" */;
			compatibilityVersion = "Xcode 3.2";
			developmentRegion = English;
			hasScannedForEncodings = 0;
			knownRegions = (
				en,
				Base,
			);
			mainGroup = 7584FE201A0B6CC600FC2D64;
			productRefGroup = 7584FE2A1A0B6CC600FC2D64 /* Products */;
			projectDirPath = "";
			projectRoot = "";
			targets = (
				7584FE281A0B6CC600FC2D64 /* IDCardMirror */,
				7584FE3D1A0B6CC700FC2D64 /* IDCardMirrorTests */,
			);
		};
/* End PBXProject section */

/* Begin PBXResourcesBuildPhase section */
		7584FE271A0B6CC600FC2D64 /* Resources */ = {
			isa = PBXResourcesBuildPhase;
			buildActionMask = 2147483647;
			files = (
				7584FE391A0B6CC700FC2D64 /* LaunchScreen.xib in Resources */,
				7584FE581A0B6FC000FC2D64 /* MainViewController.xib in Resources */,
				757321931A0CE5EC00475D92 /* PEPhotoCropEditor.bundle in Resources */,
				7584FE361A0B6CC700FC2D64 /* Images.xcassets in Resources */,
			);
			runOnlyForDeploymentPostprocessing = 0;
		};
		7584FE3C1A0B6CC700FC2D64 /* Resources */ = {
			isa = PBXResourcesBuildPhase;
			buildActionMask = 2147483647;
			files = (
			);
			runOnlyForDeploymentPostprocessing = 0;
		};
/* End PBXResourcesBuildPhase section */

/* Begin PBXSourcesBuildPhase section */
		7584FE251A0B6CC600FC2D64 /* Sources */ = {
			isa = PBXSourcesBuildPhase;
			buildActionMask = 2147483647;
			files = (
				757321951A0CE5EC00475D92 /* UIImage+PECrop.m in Sources */,
				7584FE571A0B6FC000FC2D64 /* MainViewController.swift in Sources */,
				757321901A0CE5EC00475D92 /* PECropRectView.m in Sources */,
				757321911A0CE5EC00475D92 /* PECropView.m in Sources */,
				757321921A0CE5EC00475D92 /* PECropViewController.m in Sources */,
				7584FE511A0B6EC500FC2D64 /* AppDelegate.swift in Sources */,
				7584FE541A0B6F4F00FC2D64 /* BaseViewController.swift in Sources */,
				757321941A0CE5EC00475D92 /* PEResizeControl.m in Sources */,
			);
			runOnlyForDeploymentPostprocessing = 0;
		};
		7584FE3A1A0B6CC700FC2D64 /* Sources */ = {
			isa = PBXSourcesBuildPhase;
			buildActionMask = 2147483647;
			files = (
				7584FE451A0B6CC700FC2D64 /* IDCardMirrorTests.swift in Sources */,
			);
			runOnlyForDeploymentPostprocessing = 0;
		};
/* End PBXSourcesBuildPhase section */

/* Begin PBXTargetDependency section */
		7584FE401A0B6CC700FC2D64 /* PBXTargetDependency */ = {
			isa = PBXTargetDependency;
			target = 7584FE281A0B6CC600FC2D64 /* IDCardMirror */;
			targetProxy = 7584FE3F1A0B6CC700FC2D64 /* PBXContainerItemProxy */;
		};
/* End PBXTargetDependency section */

/* Begin PBXVariantGroup section */
		7584FE371A0B6CC700FC2D64 /* LaunchScreen.xib */ = {
			isa = PBXVariantGroup;
			children = (
				7584FE381A0B6CC700FC2D64 /* Base */,
			);
			name = LaunchScreen.xib;
			sourceTree = "<group>";
		};
/* End PBXVariantGroup section */

/* Begin XCBuildConfiguration section */
		7584FE461A0B6CC700FC2D64 /* Debug */ = {
			isa = XCBuildConfiguration;
			buildSettings = {
				ALWAYS_SEARCH_USER_PATHS = NO;
				CLANG_CXX_LANGUAGE_STANDARD = "gnu++0x";
				CLANG_CXX_LIBRARY = "libc++";
				CLANG_ENABLE_MODULES = YES;
				CLANG_ENABLE_OBJC_ARC = YES;
				CLANG_WARN_BOOL_CONVERSION = YES;
				CLANG_WARN_CONSTANT_CONVERSION = YES;
				CLANG_WARN_DIRECT_OBJC_ISA_USAGE = YES_ERROR;
				CLANG_WARN_EMPTY_BODY = YES;
				CLANG_WARN_ENUM_CONVERSION = YES;
				CLANG_WARN_INT_CONVERSION = YES;
				CLANG_WARN_OBJC_ROOT_CLASS = YES_ERROR;
				CLANG_WARN_UNREACHABLE_CODE = YES;
				CLANG_WARN__DUPLICATE_METHOD_MATCH = YES;
				"CODE_SIGN_IDENTITY[sdk=iphoneos*]" = "iPhone Developer";
				COPY_PHASE_STRIP = NO;
				ENABLE_STRICT_OBJC_MSGSEND = YES;
				GCC_C_LANGUAGE_STANDARD = gnu99;
				GCC_DYNAMIC_NO_PIC = NO;
				GCC_OPTIMIZATION_LEVEL = 0;
				GCC_PREPROCESSOR_DEFINITIONS = (
					"DEBUG=1",
					"$(inherited)",
				);
				GCC_SYMBOLS_PRIVATE_EXTERN = NO;
				GCC_WARN_64_TO_32_BIT_CONVERSION = YES;
				GCC_WARN_ABOUT_RETURN_TYPE = YES_ERROR;
				GCC_WARN_UNDECLARED_SELECTOR = YES;
				GCC_WARN_UNINITIALIZED_AUTOS = YES_AGGRESSIVE;
				GCC_WARN_UNUSED_FUNCTION = YES;
				GCC_WARN_UNUSED_VARIABLE = YES;
				IPHONEOS_DEPLOYMENT_TARGET = 8.1;
				MTL_ENABLE_DEBUG_INFO = YES;
				ONLY_ACTIVE_ARCH = YES;
				SDKROOT = iphoneos;
				SWIFT_OPTIMIZATION_LEVEL = "-Onone";
			};
			name = Debug;
		};
		7584FE471A0B6CC700FC2D64 /* Release */ = {
			isa = XCBuildConfiguration;
			buildSettings = {
				ALWAYS_SEARCH_USER_PATHS = NO;
				CLANG_CXX_LANGUAGE_STANDARD = "gnu++0x";
				CLANG_CXX_LIBRARY = "libc++";
				CLANG_ENABLE_MODULES = YES;
				CLANG_ENABLE_OBJC_ARC = YES;
				CLANG_WARN_BOOL_CONVERSION = YES;
				CLANG_WARN_CONSTANT_CONVERSION = YES;
				CLANG_WARN_DIRECT_OBJC_ISA_USAGE = YES_ERROR;
				CLANG_WARN_EMPTY_BODY = YES;
				CLANG_WARN_ENUM_CONVERSION = YES;
				CLANG_WARN_INT_CONVERSION = YES;
				CLANG_WARN_OBJC_ROOT_CLASS = YES_ERROR;
				CLANG_WARN_UNREACHABLE_CODE = YES;
				CLANG_WARN__DUPLICATE_METHOD_MATCH = YES;
				"CODE_SIGN_IDENTITY[sdk=iphoneos*]" = "iPhone Developer";
				COPY_PHASE_STRIP = YES;
				ENABLE_NS_ASSERTIONS = NO;
				ENABLE_STRICT_OBJC_MSGSEND = YES;
				GCC_C_LANGUAGE_STANDARD = gnu99;
				GCC_WARN_64_TO_32_BIT_CONVERSION = YES;
				GCC_WARN_ABOUT_RETURN_TYPE = YES_ERROR;
				GCC_WARN_UNDECLARED_SELECTOR = YES;
				GCC_WARN_UNINITIALIZED_AUTOS = YES_AGGRESSIVE;
				GCC_WARN_UNUSED_FUNCTION = YES;
				GCC_WARN_UNUSED_VARIABLE = YES;
				IPHONEOS_DEPLOYMENT_TARGET = 8.1;
				MTL_ENABLE_DEBUG_INFO = NO;
				SDKROOT = iphoneos;
				VALIDATE_PRODUCT = YES;
			};
			name = Release;
		};
		7584FE491A0B6CC700FC2D64 /* Debug */ = {
			isa = XCBuildConfiguration;
			buildSettings = {
				ASSETCATALOG_COMPILER_APPICON_NAME = AppIcon;
				ASSETCATALOG_COMPILER_LAUNCHIMAGE_NAME = LaunchImage;
				CODE_SIGN_IDENTITY = "";
				"CODE_SIGN_IDENTITY[sdk=iphoneos*]" = "iPhone Developer";
				INFOPLIST_FILE = IDCardMirror/Info.plist;
				IPHONEOS_DEPLOYMENT_TARGET = 7.0;
				LD_RUNPATH_SEARCH_PATHS = "$(inherited) @executable_path/Frameworks";
				LIBRARY_SEARCH_PATHS = (
					"$(inherited)",
					"$(PROJECT_DIR)/IDCardMirror/OCLibs/HJUtility",
				);
				PRODUCT_NAME = "$(TARGET_NAME)";
				PROVISIONING_PROFILE = "";
				SWIFT_OBJC_BRIDGING_HEADER = "IDCardMirror/IDCardMirror-Bridging-Header.h";
			};
			name = Debug;
		};
		7584FE4A1A0B6CC700FC2D64 /* Release */ = {
			isa = XCBuildConfiguration;
			buildSettings = {
				ASSETCATALOG_COMPILER_APPICON_NAME = AppIcon;
				ASSETCATALOG_COMPILER_LAUNCHIMAGE_NAME = LaunchImage;
				CODE_SIGN_IDENTITY = "";
				"CODE_SIGN_IDENTITY[sdk=iphoneos*]" = "iPhone Distribution";
				INFOPLIST_FILE = IDCardMirror/Info.plist;
				IPHONEOS_DEPLOYMENT_TARGET = 7.0;
				LD_RUNPATH_SEARCH_PATHS = "$(inherited) @executable_path/Frameworks";
				LIBRARY_SEARCH_PATHS = (
					"$(inherited)",
					"$(PROJECT_DIR)/IDCardMirror/OCLibs/HJUtility",
				);
				PRODUCT_NAME = "$(TARGET_NAME)";
				PROVISIONING_PROFILE = "";
				SWIFT_OBJC_BRIDGING_HEADER = "IDCardMirror/IDCardMirror-Bridging-Header.h";
			};
			name = Release;
		};
		7584FE4C1A0B6CC700FC2D64 /* Debug */ = {
			isa = XCBuildConfiguration;
			buildSettings = {
				BUNDLE_LOADER = "$(TEST_HOST)";
				FRAMEWORK_SEARCH_PATHS = (
					"$(SDKROOT)/Developer/Library/Frameworks",
					"$(inherited)",
				);
				GCC_PREPROCESSOR_DEFINITIONS = (
					"DEBUG=1",
					"$(inherited)",
				);
				INFOPLIST_FILE = IDCardMirrorTests/Info.plist;
				LD_RUNPATH_SEARCH_PATHS = "$(inherited) @executable_path/Frameworks @loader_path/Frameworks";
				PRODUCT_NAME = "$(TARGET_NAME)";
				TEST_HOST = "$(BUILT_PRODUCTS_DIR)/IDCardMirror.app/IDCardMirror";
			};
			name = Debug;
		};
		7584FE4D1A0B6CC700FC2D64 /* Release */ = {
			isa = XCBuildConfiguration;
			buildSettings = {
				BUNDLE_LOADER = "$(TEST_HOST)";
				FRAMEWORK_SEARCH_PATHS = (
					"$(SDKROOT)/Developer/Library/Frameworks",
					"$(inherited)",
				);
				INFOPLIST_FILE = IDCardMirrorTests/Info.plist;
				LD_RUNPATH_SEARCH_PATHS = "$(inherited) @executable_path/Frameworks @loader_path/Frameworks";
				PRODUCT_NAME = "$(TARGET_NAME)";
				TEST_HOST = "$(BUILT_PRODUCTS_DIR)/IDCardMirror.app/IDCardMirror";
			};
			name = Release;
		};
/* End XCBuildConfiguration section */

/* Begin XCConfigurationList section */
		7584FE241A0B6CC600FC2D64 /* Build configuration list for PBXProject "IDCardMirror" */ = {
			isa = XCConfigurationList;
			buildConfigurations = (
				7584FE461A0B6CC700FC2D64 /* Debug */,
				7584FE471A0B6CC700FC2D64 /* Release */,
			);
			defaultConfigurationIsVisible = 0;
			defaultConfigurationName = Release;
		};
		7584FE481A0B6CC700FC2D64 /* Build configuration list for PBXNativeTarget "IDCardMirror" */ = {
			isa = XCConfigurationList;
			buildConfigurations = (
				7584FE491A0B6CC700FC2D64 /* Debug */,
				7584FE4A1A0B6CC700FC2D64 /* Release */,
			);
			defaultConfigurationIsVisible = 0;
			defaultConfigurationName = Release;
		};
		7584FE4B1A0B6CC700FC2D64 /* Build configuration list for PBXNativeTarget "IDCardMirrorTests" */ = {
			isa = XCConfigurationList;
			buildConfigurations = (
				7584FE4C1A0B6CC700FC2D64 /* Debug */,
				7584FE4D1A0B6CC700FC2D64 /* Release */,
			);
			defaultConfigurationIsVisible = 0;
			defaultConfigurationName = Release;
		};
/* End XCConfigurationList section */
	};
	rootObject = 7584FE211A0B6CC600FC2D64 /* Project object */;
}
